
Microsoft Visual Studio Solution File, Format Version 12.00
# Visual Studio Version 16
VisualStudioVersion = 16.0.30413.136
MinimumVisualStudioVersion = 10.0.40219.1
Project("{FAE04EC0-301F-11D3-BF4B-00C04F79EFBC}") = "RCM", "RCM\RCM.csproj", "{8E2EC2CA-2237-4E0E-8788-84CA7273C14F}"
EndProject
Project("{FAE04EC0-301F-11D3-BF4B-00C04F79EFBC}") = "RCM.Models", "RCM.Models\RCM.Models.csproj", "{72FF6981-E34B-4F1C-BEED-6C5E7595F7A7}"
EndProject
Global
	GlobalSection(SolutionConfigurationPlatforms) = preSolution
		Debug|Any CPU = Debug|Any CPU
		Release|Any CPU = Release|Any CPU
	EndGlobalSection
	GlobalSection(ProjectConfigurationPlatforms) = postSolution
		{8E2EC2CA-2237-4E0E-8788-84CA7273C14F}.Debug|Any CPU.ActiveCfg = Debug|Any CPU
		{8E2EC2CA-2237-4E0E-8788-84CA7273C14F}.Debug|Any CPU.Build.0 = Debug|Any CPU
		{8E2EC2CA-2237-4E0E-8788-84CA7273C14F}.Release|Any CPU.ActiveCfg = Release|Any CPU
		{8E2EC2CA-2237-4E0E-8788-84CA7273C14F}.Release|Any CPU.Build.0 = Release|Any CPU
		{72FF6981-E34B-4F1C-BEED-6C5E7595F7A7}.Debug|Any CPU.ActiveCfg = Debug|Any CPU
		{72FF6981-E34B-4F1C-BEED-6C5E7595F7A7}.Debug|Any CPU.Build.0 = Debug|Any CPU
		{72FF6981-E34B-4F1C-BEED-6C5E7595F7A7}.Release|Any CPU.ActiveCfg = Release|Any CPU
		{72FF6981-E34B-4F1C-BEED-6C5E7595F7A7}.Release|Any CPU.Build.0 = Release|Any CPU
	EndGlobalSection
	GlobalSection(SolutionProperties) = preSolution
		HideSolutionNode = FALSE
	EndGlobalSection
	GlobalSection(ExtensibilityGlobals) = postSolution
		SolutionGuid = {3653CBC0-9990-4A6C-8C6B-529CA9EC2E32}
	EndGlobalSection
EndGlobal
